<?xml version="1.0" encoding="utf-8"?>
<Project ToolsVersion="4.0" xmlns="http://schemas.microsoft.com/developer/msbuild/2003">
  <ItemGroup>
    <Filter Include="Source Files">
      <UniqueIdentifier>{4FC737F1-C7A5-4376-A066-2A32D752A2FF}</UniqueIdentifier>
      <Extensions>cpp;c;cc;cxx;c++;cppm;ixx;def;odl;idl;hpj;bat;asm;asmx</Extensions>
    </Filter>
    <Filter Include="Header Files">
      <UniqueIdentifier>{93995380-89BD-4b04-88EB-625FBE52EBFB}</UniqueIdentifier>
      <Extensions>h;hh;hpp;hxx;h++;hm;inl;inc;ipp;xsd</Extensions>
    </Filter>
    <Filter Include="Resource Files">
      <UniqueIdentifier>{67DA6AB6-F800-4c08-8B7A-83BB121AAD01}</UniqueIdentifier>
      <Extensions>rc;ico;cur;bmp;dlg;rc2;rct;bin;rgs;gif;jpg;jpeg;jpe;resx;tiff;tif;png;wav;mfcribbon-ms</Extensions>
    </Filter>
    <Filter Include="HttpServer">
      <UniqueIdentifier>{acd1fe67-f5e9-4848-bc40-a6345c89c505}</UniqueIdentifier>
    </Filter>
  </ItemGroup>
  <ItemGroup>
    <ClCompile Include="..\..\src\account.cpp">
      <Filter>Source Files</Filter>
    </ClCompile>
    <ClCompile Include="..\..\src\app.cpp">
      <Filter>Source Files</Filter>
    </ClCompile>
    <ClCompile Include="..\..\src\app_ajax.cpp">
      <Filter>Source Files</Filter>
    </ClCompile>
    <ClCompile Include="..\..\src\club.cpp">
      <Filter>Source Files</Filter>
    </ClCompile>
    <ClCompile Include="..\..\src\database.cpp">
      <Filter>Source Files</Filter>
    </ClCompile>
    <ClCompile Include="..\..\src\error.cpp">
      <Filter>Source Files</Filter>
    </ClCompile>
    <ClCompile Include="..\..\src\id.cpp">
      <Filter>Source Files</Filter>
    </ClCompile>
    <ClCompile Include="..\..\src\judoka.cpp">
      <Filter>Source Files</Filter>
    </ClCompile>
    <ClCompile Include="..\..\src\localizer.cpp">
      <Filter>Source Files</Filter>
    </ClCompile>
    <ClCompile Include="..\..\src\main.cpp">
      <Filter>Source Files</Filter>
    </ClCompile>
    <ClCompile Include="..\..\src\mat.cpp">
      <Filter>Source Files</Filter>
    </ClCompile>
    <ClCompile Include="..\..\src\match.cpp">
      <Filter>Source Files</Filter>
    </ClCompile>
    <ClCompile Include="..\..\src\matchlog.cpp">
      <Filter>Source Files</Filter>
    </ClCompile>
    <ClCompile Include="..\..\src\matchtable.cpp">
      <Filter>Source Files</Filter>
    </ClCompile>
    <ClCompile Include="..\..\src\remote_mat.cpp">
      <Filter>Source Files</Filter>
    </ClCompile>
    <ClCompile Include="..\..\src\rule_set.cpp">
      <Filter>Source Files</Filter>
    </ClCompile>
    <ClCompile Include="..\..\src\standing_data.cpp">
      <Filter>Source Files</Filter>
    </ClCompile>
    <ClCompile Include="..\..\src\timer.cpp">
      <Filter>Source Files</Filter>
    </ClCompile>
    <ClCompile Include="..\..\src\tournament.cpp">
      <Filter>Source Files</Filter>
    </ClCompile>
    <ClCompile Include="..\..\src\weightclass.cpp">
      <Filter>Source Files</Filter>
    </ClCompile>
    <ClCompile Include="..\..\src\window_linux.cpp">
      <Filter>Source Files</Filter>
    </ClCompile>
    <ClCompile Include="..\..\src\window_win.cpp">
      <Filter>Source Files</Filter>
    </ClCompile>
    <ClCompile Include="..\..\src\HttpServer\HttpServer.cpp">
      <Filter>HttpServer</Filter>
    </ClCompile>
    <ClCompile Include="..\..\external\mongoose\mongoose.cpp">
      <Filter>HttpServer</Filter>
    </ClCompile>
    <ClCompile Include="..\..\src\remote_tournament.cpp">
      <Filter>Source Files</Filter>
    </ClCompile>
    <ClCompile Include="..\..\src\dm4.cpp">
      <Filter>Source Files</Filter>
    </ClCompile>
    <ClCompile Include="..\..\src\md5.cpp">
      <Filter>Source Files</Filter>
    </ClCompile>
    <ClCompile Include="..\..\src\customtable.cpp">
      <Filter>Source Files</Filter>
    </ClCompile>
    <ClCompile Include="..\..\src\age_group.cpp">
      <Filter>Source Files</Filter>
    </ClCompile>
    <ClCompile Include="..\..\src\weightclass_generator.cpp">
      <Filter>Source Files</Filter>
    </ClCompile>
    <ClCompile Include="..\..\src\dmf.cpp">
      <Filter>Source Files</Filter>
    </ClCompile>
    <ClCompile Include="..\..\src\single_elimination.cpp">
      <Filter>Source Files</Filter>
    </ClCompile>
    <ClCompile Include="..\..\src\association.cpp">
      <Filter>Source Files</Filter>
    </ClCompile>
    <ClCompile Include="..\..\src\filter.cpp">
      <Filter>Source Files</Filter>
    </ClCompile>
    <ClCompile Include="..\..\src\round_robin.cpp">
      <Filter>Source Files</Filter>
    </ClCompile>
    <ClCompile Include="..\..\src\pool.cpp">
      <Filter>Source Files</Filter>
    </ClCompile>
    <ClCompile Include="..\..\src\splitter.cpp">
      <Filter>Source Files</Filter>
    </ClCompile>
    <ClCompile Include="..\..\src\fuser.cpp">
      <Filter>Source Files</Filter>
    </ClCompile>
    <ClCompile Include="..\..\src\take_top_ranks.cpp">
      <Filter>Source Files</Filter>
    </ClCompile>
    <ClCompile Include="..\..\src\reverser.cpp">
      <Filter>Source Files</Filter>
    </ClCompile>
    <ClCompile Include="..\..\src\mixer.cpp">
      <Filter>Source Files</Filter>
    </ClCompile>
    <ClCompile Include="..\..\src\fixed.cpp">
      <Filter>Source Files</Filter>
    </ClCompile>
  </ItemGroup>
  <ItemGroup>
    <ClInclude Include="..\..\src\window.h">
      <Filter>Header Files</Filter>
    </ClInclude>
    <ClInclude Include="..\..\src\weightclass.h">
      <Filter>Header Files</Filter>
    </ClInclude>
    <ClInclude Include="..\..\src\virtual_mat.h">
      <Filter>Header Files</Filter>
    </ClInclude>
    <ClInclude Include="..\..\src\tournament.h">
      <Filter>Header Files</Filter>
    </ClInclude>
    <ClInclude Include="..\..\src\timer.h">
      <Filter>Header Files</Filter>
    </ClInclude>
    <ClInclude Include="..\..\src\standing_data.h">
      <Filter>Header Files</Filter>
    </ClInclude>
    <ClInclude Include="..\..\src\schedule_entry.h">
      <Filter>Header Files</Filter>
    </ClInclude>
    <ClInclude Include="..\..\src\rule_set.h">
      <Filter>Header Files</Filter>
    </ClInclude>
    <ClInclude Include="..\..\src\remote_tournament.h">
      <Filter>Header Files</Filter>
    </ClInclude>
    <ClInclude Include="..\..\src\remote_mat.h">
      <Filter>Header Files</Filter>
    </ClInclude>
    <ClInclude Include="..\..\src\pause.h">
      <Filter>Header Files</Filter>
    </ClInclude>
    <ClInclude Include="..\..\src\matchtable.h">
      <Filter>Header Files</Filter>
    </ClInclude>
    <ClInclude Include="..\..\src\matchlog.h">
      <Filter>Header Files</Filter>
    </ClInclude>
    <ClInclude Include="..\..\src\match.h">
      <Filter>Header Files</Filter>
    </ClInclude>
    <ClInclude Include="..\..\src\mat.h">
      <Filter>Header Files</Filter>
    </ClInclude>
    <ClInclude Include="..\..\src\localizer.h">
      <Filter>Header Files</Filter>
    </ClInclude>
    <ClInclude Include="..\..\src\judoka.h">
      <Filter>Header Files</Filter>
    </ClInclude>
    <ClInclude Include="..\..\src\imat.h">
      <Filter>Header Files</Filter>
    </ClInclude>
    <ClInclude Include="..\..\src\id.h">
      <Filter>Header Files</Filter>
    </ClInclude>
    <ClInclude Include="..\..\src\error.h">
      <Filter>Header Files</Filter>
    </ClInclude>
    <ClInclude Include="..\..\src\database.h">
      <Filter>Header Files</Filter>
    </ClInclude>
    <ClInclude Include="..\..\src\club.h">
      <Filter>Header Files</Filter>
    </ClInclude>
    <ClInclude Include="..\..\src\app.h">
      <Filter>Header Files</Filter>
    </ClInclude>
    <ClInclude Include="..\..\src\account.h">
      <Filter>Header Files</Filter>
    </ClInclude>
    <ClInclude Include="..\..\src\itournament.h">
      <Filter>Header Files</Filter>
    </ClInclude>
    <ClInclude Include="..\..\src\dm4.h">
      <Filter>Header Files</Filter>
    </ClInclude>
    <ClInclude Include="..\..\src\md5.h">
      <Filter>Header Files</Filter>
    </ClInclude>
    <ClInclude Include="..\..\src\judoboard.h">
      <Filter>Header Files</Filter>
    </ClInclude>
    <ClInclude Include="..\..\src\customtable.h">
      <Filter>Header Files</Filter>
    </ClInclude>
    <ClInclude Include="..\..\src\age_group.h">
      <Filter>Header Files</Filter>
    </ClInclude>
    <ClInclude Include="..\..\src\weightclass_generator.h">
      <Filter>Header Files</Filter>
    </ClInclude>
    <ClInclude Include="..\..\src\dmf.h">
      <Filter>Header Files</Filter>
    </ClInclude>
    <ClInclude Include="..\..\src\single_elimination.h">
      <Filter>Header Files</Filter>
    </ClInclude>
    <ClInclude Include="..\..\src\association.h">
      <Filter>Header Files</Filter>
    </ClInclude>
    <ClInclude Include="..\..\src\filter.h">
      <Filter>Header Files</Filter>
    </ClInclude>
    <ClInclude Include="..\..\src\round_robin.h">
      <Filter>Header Files</Filter>
    </ClInclude>
    <ClInclude Include="..\..\src\pool.h">
      <Filter>Header Files</Filter>
    </ClInclude>
    <ClInclude Include="..\..\src\splitter.h">
      <Filter>Header Files</Filter>
    </ClInclude>
    <ClInclude Include="..\..\src\fuser.h">
      <Filter>Header Files</Filter>
    </ClInclude>
    <ClInclude Include="..\..\src\take_top_ranks.h">
      <Filter>Header Files</Filter>
    </ClInclude>
    <ClInclude Include="..\..\src\reverser.h">
      <Filter>Header Files</Filter>
    </ClInclude>
    <ClInclude Include="..\..\src\mixer.h">
      <Filter>Header Files</Filter>
    </ClInclude>
    <ClInclude Include="..\..\src\fixed.h">
      <Filter>Header Files</Filter>
    </ClInclude>
  </ItemGroup>
  <ItemGroup>
    <None Include="..\..\compile.sh">
      <Filter>Resource Files</Filter>
    </None>
    <None Include="..\..\dependencies.sh">
      <Filter>Resource Files</Filter>
    </None>
    <None Include="..\..\README.md">
      <Filter>Resource Files</Filter>
    </None>
    <None Include="..\..\run_tests.sh">
      <Filter>Resource Files</Filter>
    </None>
    <None Include="..\..\bin\html\common.js">
      <Filter>Resource Files</Filter>
    </None>
    <None Include="..\..\bin\html\account_add.html">
      <Filter>Resource Files</Filter>
    </None>
    <None Include="..\..\bin\html\account_list.html">
      <Filter>Resource Files</Filter>
    </None>
    <None Include="..\..\bin\html\add_match.html">
      <Filter>Resource Files</Filter>
    </None>
    <None Include="..\..\bin\html\judoka_add.html">
      <Filter>Resource Files</Filter>
    </None>
    <None Include="..\..\bin\html\matchtable_list.html">
      <Filter>Resource Files</Filter>
    </None>
    <None Include="..\..\bin\html\club_add.html">
      <Filter>Resource Files</Filter>
    </None>
    <None Include="..\..\bin\html\club_list.html">
      <Filter>Resource Files</Filter>
    </None>
    <None Include="..\..\bin\html\edit_match.html">
      <Filter>Resource Files</Filter>
    </None>
    <None Include="..\..\bin\html\index.html">
      <Filter>Resource Files</Filter>
    </None>
    <None Include="..\..\bin\html\judoka_list.html">
      <Filter>Resource Files</Filter>
    </None>
    <None Include="..\..\bin\html\login.html">
      <Filter>Resource Files</Filter>
    </None>
    <None Include="..\..\bin\html\mat.html">
      <Filter>Resource Files</Filter>
    </None>
    <None Include="..\..\bin\html\mat_configure.html">
      <Filter>Resource Files</Filter>
    </None>
    <None Include="..\..\bin\html\mat_edit.html">
      <Filter>Resource Files</Filter>
    </None>
    <None Include="..\..\bin\html\matchtable_add.html">
      <Filter>Resource Files</Filter>
    </None>
    <None Include="..\..\bin\html\participant_add.html">
      <Filter>Resource Files</Filter>
    </None>
    <None Include="..\..\bin\html\rule_add.html">
      <Filter>Resource Files</Filter>
    </None>
    <None Include="..\..\bin\html\rule_list.html">
      <Filter>Resource Files</Filter>
    </None>
    <None Include="..\..\bin\html\schedule.html">
      <Filter>Resource Files</Filter>
    </None>
    <None Include="..\..\bin\html\server_config.html">
      <Filter>Resource Files</Filter>
    </None>
    <None Include="..\..\bin\html\tournament_add.html">
      <Filter>Resource Files</Filter>
    </None>
    <None Include="..\..\bin\html\tournament_list.html">
      <Filter>Resource Files</Filter>
    </None>
    <None Include="..\..\.gitignore">
      <Filter>Resource Files</Filter>
    </None>
    <None Include="..\..\.gitattributes">
      <Filter>Resource Files</Filter>
    </None>
    <None Include="..\..\bin\html\dm4.html">
      <Filter>Resource Files</Filter>
    </None>
    <None Include="..\..\bin\html\style.css">
      <Filter>Resource Files</Filter>
    </None>
    <None Include="..\..\compile.bat">
      <Filter>Resource Files</Filter>
    </None>
    <None Include="..\..\package.bat">
      <Filter>Resource Files</Filter>
    </None>
    <None Include="..\..\compile64.bat">
      <Filter>Resource Files</Filter>
    </None>
    <None Include="..\..\bin\html\account_change_password.html">
      <Filter>Resource Files</Filter>
    </None>
    <None Include="..\..\run_tests_debug.sh">
      <Filter>Resource Files</Filter>
    </None>
    <None Include="..\..\bin\html\age_groups_list.html">
      <Filter>Resource Files</Filter>
    </None>
    <None Include="..\..\bin\html\age_groups_select.html">
      <Filter>Resource Files</Filter>
    </None>
    <None Include="..\..\bin\html\age_groups_add.html">
      <Filter>Resource Files</Filter>
    </None>
    <None Include="..\..\bin\html\matchtable_creator.html">
      <Filter>Resource Files</Filter>
    </None>
    <None Include="..\..\bin\html\association_add.html">
      <Filter>Resource Files</Filter>
    </None>
    <None Include="..\..\bin\html\association_list.html">
      <Filter>Resource Files</Filter>
    </None>
    <None Include="..\..\bin\html\lots.html">
      <Filter>Resource Files</Filter>
    </None>
  </ItemGroup>
</Project>